
Microsoft Visual Studio Solution File, Format Version 12.00
# Visual Studio Version 17
VisualStudioVersion = 17.0.31903.59
MinimumVisualStudioVersion = 10.0.40219.1
Project("{FAE04EC0-301F-11D3-BF4B-00C04F79EFBC}") = "wrappingPaperCalculator", "wrappingPaperCalculator.csproj", "{685C51F8-EC64-46EA-8AA8-2FD680BB672D}"
EndProject
Global
	GlobalSection(SolutionConfigurationPlatforms) = preSolution
		Debug|Any CPU = Debug|Any CPU
		Release|Any CPU = Release|Any CPU
	EndGlobalSection
	GlobalSection(ProjectConfigurationPlatforms) = postSolution
		{685C51F8-EC64-46EA-8AA8-2FD680BB672D}.Debug|Any CPU.ActiveCfg = Debug|Any CPU
		{685C51F8-EC64-46EA-8AA8-2FD680BB672D}.Debug|Any CPU.Build.0 = Debug|Any CPU
		{685C51F8-EC64-46EA-8AA8-2FD680BB672D}.Release|Any CPU.ActiveCfg = Release|Any CPU
		{685C51F8-EC64-46EA-8AA8-2FD680BB672D}.Release|Any CPU.Build.0 = Release|Any CPU
	EndGlobalSection
	GlobalSection(SolutionProperties) = preSolution
		HideSolutionNode = FALSE
	EndGlobalSection
	GlobalSection(ExtensibilityGlobals) = postSolution
		SolutionGuid = {5487F6AC-39E1-4B8F-8C6F-A1AC7F7C1032}
	EndGlobalSection
EndGlobal
